
Microsoft Visual Studio Solution File, Format Version 12.00
Project("{FAE04EC0-301F-11D3-BF4B-00C04F79EFBC}") = "MiddlewareExample", "MiddlewareExample\MiddlewareExample.csproj", "{6BBCB60D-F534-4A49-8E87-6545A5F69E44}"
EndProject
Global
	GlobalSection(SolutionConfigurationPlatforms) = preSolution
		Debug|Any CPU = Debug|Any CPU
		Release|Any CPU = Release|Any CPU
	EndGlobalSection
	GlobalSection(ProjectConfigurationPlatforms) = postSolution
		{6BBCB60D-F534-4A49-8E87-6545A5F69E44}.Debug|Any CPU.ActiveCfg = Debug|Any CPU
		{6BBCB60D-F534-4A49-8E87-6545A5F69E44}.Debug|Any CPU.Build.0 = Debug|Any CPU
		{6BBCB60D-F534-4A49-8E87-6545A5F69E44}.Release|Any CPU.ActiveCfg = Release|Any CPU
		{6BBCB60D-F534-4A49-8E87-6545A5F69E44}.Release|Any CPU.Build.0 = Release|Any CPU
	EndGlobalSection
EndGlobal
